{
  "requires": true,
  "lockfileVersion": 1,
  "dependencies": {
    "types-registry": {
      "version": "0.1.690",
      "resolved": "https://registry.npmjs.org/types-registry/-/types-registry-0.1.690.tgz",
      "integrity": "sha512-DGHuH2ZIUrf3LTEP3LaVkxkW2liqyQ32EcSyQ6n9Ak1gc+npAC3Mja3uQY+1oM6IxSuGu9t2WeHWakUZDZRh3w=="
    }
  }
}
